
Microsoft Visual Studio Solution File, Format Version 12.00
# Visual Studio Version 17
VisualStudioVersion = 17.14.36310.24 d17.14
MinimumVisualStudioVersion = 10.0.40219.1
Project("{FAE04EC0-301F-11D3-BF4B-00C04F79EFBC}") = "ProductService", "ProductService\ProductService.csproj", "{06408212-650E-441F-8A7F-547DCC847B01}"
EndProject
Project("{FAE04EC0-301F-11D3-BF4B-00C04F79EFBC}") = "OrderService", "OrderService\OrderService.csproj", "{35E7F666-07DD-4AD8-BA5E-7EA572B1E742}"
EndProject
Global
	GlobalSection(SolutionConfigurationPlatforms) = preSolution
		Debug|Any CPU = Debug|Any CPU
		Release|Any CPU = Release|Any CPU
	EndGlobalSection
	GlobalSection(ProjectConfigurationPlatforms) = postSolution
		{06408212-650E-441F-8A7F-547DCC847B01}.Debug|Any CPU.ActiveCfg = Debug|Any CPU
		{06408212-650E-441F-8A7F-547DCC847B01}.Debug|Any CPU.Build.0 = Debug|Any CPU
		{06408212-650E-441F-8A7F-547DCC847B01}.Release|Any CPU.ActiveCfg = Release|Any CPU
		{06408212-650E-441F-8A7F-547DCC847B01}.Release|Any CPU.Build.0 = Release|Any CPU
		{35E7F666-07DD-4AD8-BA5E-7EA572B1E742}.Debug|Any CPU.ActiveCfg = Debug|Any CPU
		{35E7F666-07DD-4AD8-BA5E-7EA572B1E742}.Debug|Any CPU.Build.0 = Debug|Any CPU
		{35E7F666-07DD-4AD8-BA5E-7EA572B1E742}.Release|Any CPU.ActiveCfg = Release|Any CPU
		{35E7F666-07DD-4AD8-BA5E-7EA572B1E742}.Release|Any CPU.Build.0 = Release|Any CPU
	EndGlobalSection
	GlobalSection(SolutionProperties) = preSolution
		HideSolutionNode = FALSE
	EndGlobalSection
	GlobalSection(ExtensibilityGlobals) = postSolution
		SolutionGuid = {FF241BBA-CD3B-43F6-B9AD-134CB1CD080B}
	EndGlobalSection
EndGlobal
